
Microsoft Visual Studio Solution File, Format Version 12.00
# Visual Studio Version 17
VisualStudioVersion = 17.7.34302.85
MinimumVisualStudioVersion = 10.0.40219.1
Project("{2150E333-8FDC-42A3-9474-1A3956D46DE8}") = "src", "src", "{DB265D07-727B-4C7C-B302-E9C8E301B734}"
EndProject
Project("{9A19103F-16F7-4668-BE54-9A1E7A4F7556}") = "Store", "src\Store\Store.csproj", "{73718360-B62E-4C99-9918-834CFCA3A84E}"
EndProject
Project("{9A19103F-16F7-4668-BE54-9A1E7A4F7556}") = "Store.Migrations", "src\Store.Migrations\Store.Migrations.csproj", "{E106E183-4124-48E3-941E-FF03F18232D4}"
EndProject
Project("{FAE04EC0-301F-11D3-BF4B-00C04F79EFBC}") = "WebBlazor", "src\WebBlazor\WebBlazor.csproj", "{D1B11DC5-6BF0-440E-8422-91CA9E554436}"
EndProject
Project("{FAE04EC0-301F-11D3-BF4B-00C04F79EFBC}") = "Store.Repositories", "src\Store.Repositories\Store.Repositories.csproj", "{95013181-FB6B-44F0-893B-57E96D1B34F3}"
EndProject
Global
	GlobalSection(SolutionConfigurationPlatforms) = preSolution
		Debug|Any CPU = Debug|Any CPU
		Debug|x64 = Debug|x64
		Debug|x86 = Debug|x86
		Release|Any CPU = Release|Any CPU
		Release|x64 = Release|x64
		Release|x86 = Release|x86
	EndGlobalSection
	GlobalSection(ProjectConfigurationPlatforms) = postSolution
		{73718360-B62E-4C99-9918-834CFCA3A84E}.Debug|Any CPU.ActiveCfg = Debug|Any CPU
		{73718360-B62E-4C99-9918-834CFCA3A84E}.Debug|Any CPU.Build.0 = Debug|Any CPU
		{73718360-B62E-4C99-9918-834CFCA3A84E}.Debug|x64.ActiveCfg = Debug|Any CPU
		{73718360-B62E-4C99-9918-834CFCA3A84E}.Debug|x64.Build.0 = Debug|Any CPU
		{73718360-B62E-4C99-9918-834CFCA3A84E}.Debug|x86.ActiveCfg = Debug|Any CPU
		{73718360-B62E-4C99-9918-834CFCA3A84E}.Debug|x86.Build.0 = Debug|Any CPU
		{73718360-B62E-4C99-9918-834CFCA3A84E}.Release|Any CPU.ActiveCfg = Release|Any CPU
		{73718360-B62E-4C99-9918-834CFCA3A84E}.Release|Any CPU.Build.0 = Release|Any CPU
		{73718360-B62E-4C99-9918-834CFCA3A84E}.Release|x64.ActiveCfg = Release|Any CPU
		{73718360-B62E-4C99-9918-834CFCA3A84E}.Release|x64.Build.0 = Release|Any CPU
		{73718360-B62E-4C99-9918-834CFCA3A84E}.Release|x86.ActiveCfg = Release|Any CPU
		{73718360-B62E-4C99-9918-834CFCA3A84E}.Release|x86.Build.0 = Release|Any CPU
		{E106E183-4124-48E3-941E-FF03F18232D4}.Debug|Any CPU.ActiveCfg = Debug|Any CPU
		{E106E183-4124-48E3-941E-FF03F18232D4}.Debug|Any CPU.Build.0 = Debug|Any CPU
		{E106E183-4124-48E3-941E-FF03F18232D4}.Debug|x64.ActiveCfg = Debug|Any CPU
		{E106E183-4124-48E3-941E-FF03F18232D4}.Debug|x64.Build.0 = Debug|Any CPU
		{E106E183-4124-48E3-941E-FF03F18232D4}.Debug|x86.ActiveCfg = Debug|Any CPU
		{E106E183-4124-48E3-941E-FF03F18232D4}.Debug|x86.Build.0 = Debug|Any CPU
		{E106E183-4124-48E3-941E-FF03F18232D4}.Release|Any CPU.ActiveCfg = Release|Any CPU
		{E106E183-4124-48E3-941E-FF03F18232D4}.Release|Any CPU.Build.0 = Release|Any CPU
		{E106E183-4124-48E3-941E-FF03F18232D4}.Release|x64.ActiveCfg = Release|Any CPU
		{E106E183-4124-48E3-941E-FF03F18232D4}.Release|x64.Build.0 = Release|Any CPU
		{E106E183-4124-48E3-941E-FF03F18232D4}.Release|x86.ActiveCfg = Release|Any CPU
		{E106E183-4124-48E3-941E-FF03F18232D4}.Release|x86.Build.0 = Release|Any CPU
		{D1B11DC5-6BF0-440E-8422-91CA9E554436}.Debug|Any CPU.ActiveCfg = Debug|Any CPU
		{D1B11DC5-6BF0-440E-8422-91CA9E554436}.Debug|Any CPU.Build.0 = Debug|Any CPU
		{D1B11DC5-6BF0-440E-8422-91CA9E554436}.Debug|x64.ActiveCfg = Debug|Any CPU
		{D1B11DC5-6BF0-440E-8422-91CA9E554436}.Debug|x64.Build.0 = Debug|Any CPU
		{D1B11DC5-6BF0-440E-8422-91CA9E554436}.Debug|x86.ActiveCfg = Debug|Any CPU
		{D1B11DC5-6BF0-440E-8422-91CA9E554436}.Debug|x86.Build.0 = Debug|Any CPU
		{D1B11DC5-6BF0-440E-8422-91CA9E554436}.Release|Any CPU.ActiveCfg = Release|Any CPU
		{D1B11DC5-6BF0-440E-8422-91CA9E554436}.Release|Any CPU.Build.0 = Release|Any CPU
		{D1B11DC5-6BF0-440E-8422-91CA9E554436}.Release|x64.ActiveCfg = Release|Any CPU
		{D1B11DC5-6BF0-440E-8422-91CA9E554436}.Release|x64.Build.0 = Release|Any CPU
		{D1B11DC5-6BF0-440E-8422-91CA9E554436}.Release|x86.ActiveCfg = Release|Any CPU
		{D1B11DC5-6BF0-440E-8422-91CA9E554436}.Release|x86.Build.0 = Release|Any CPU
		{95013181-FB6B-44F0-893B-57E96D1B34F3}.Debug|Any CPU.ActiveCfg = Debug|Any CPU
		{95013181-FB6B-44F0-893B-57E96D1B34F3}.Debug|Any CPU.Build.0 = Debug|Any CPU
		{95013181-FB6B-44F0-893B-57E96D1B34F3}.Debug|x64.ActiveCfg = Debug|Any CPU
		{95013181-FB6B-44F0-893B-57E96D1B34F3}.Debug|x64.Build.0 = Debug|Any CPU
		{95013181-FB6B-44F0-893B-57E96D1B34F3}.Debug|x86.ActiveCfg = Debug|Any CPU
		{95013181-FB6B-44F0-893B-57E96D1B34F3}.Debug|x86.Build.0 = Debug|Any CPU
		{95013181-FB6B-44F0-893B-57E96D1B34F3}.Release|Any CPU.ActiveCfg = Release|Any CPU
		{95013181-FB6B-44F0-893B-57E96D1B34F3}.Release|Any CPU.Build.0 = Release|Any CPU
		{95013181-FB6B-44F0-893B-57E96D1B34F3}.Release|x64.ActiveCfg = Release|Any CPU
		{95013181-FB6B-44F0-893B-57E96D1B34F3}.Release|x64.Build.0 = Release|Any CPU
		{95013181-FB6B-44F0-893B-57E96D1B34F3}.Release|x86.ActiveCfg = Release|Any CPU
		{95013181-FB6B-44F0-893B-57E96D1B34F3}.Release|x86.Build.0 = Release|Any CPU
	EndGlobalSection
	GlobalSection(SolutionProperties) = preSolution
		HideSolutionNode = FALSE
	EndGlobalSection
	GlobalSection(NestedProjects) = preSolution
		{73718360-B62E-4C99-9918-834CFCA3A84E} = {DB265D07-727B-4C7C-B302-E9C8E301B734}
		{E106E183-4124-48E3-941E-FF03F18232D4} = {DB265D07-727B-4C7C-B302-E9C8E301B734}
		{D1B11DC5-6BF0-440E-8422-91CA9E554436} = {DB265D07-727B-4C7C-B302-E9C8E301B734}
		{95013181-FB6B-44F0-893B-57E96D1B34F3} = {DB265D07-727B-4C7C-B302-E9C8E301B734}
	EndGlobalSection
	GlobalSection(ExtensibilityGlobals) = postSolution
		SolutionGuid = {83A0ECFC-571A-4570-9DFC-66A6B5F41B3F}
	EndGlobalSection
EndGlobal
